
Microsoft Visual Studio Solution File, Format Version 12.00
# Visual Studio Version 16
VisualStudioVersion = 16.0.30114.105
MinimumVisualStudioVersion = 10.0.40219.1
Project("{FAE04EC0-301F-11D3-BF4B-00C04F79EFBC}") = "R5T.D0073.Base", "R5T.D0073.Base\R5T.D0073.Base.csproj", "{A6178DAE-B965-45C2-B4D3-0A5A93BD4034}"
EndProject
Project("{FAE04EC0-301F-11D3-BF4B-00C04F79EFBC}") = "R5T.D0073.Construction", "R5T.D0073.Construction\R5T.D0073.Construction.csproj", "{FB48EC50-B2E9-4138-A6E3-8C1D1D583068}"
EndProject
Project("{FAE04EC0-301F-11D3-BF4B-00C04F79EFBC}") = "R5T.D0073.Default", "R5T.D0073.Default\R5T.D0073.Default.csproj", "{FF1933D9-F5BE-42E9-954C-508EC6E1A882}"
EndProject
Project("{FAE04EC0-301F-11D3-BF4B-00C04F79EFBC}") = "R5T.D0073.I001", "R5T.D0073.I001\R5T.D0073.I001.csproj", "{BC7B7D8A-5F55-4F91-B879-DAFE8728183C}"
EndProject
Project("{FAE04EC0-301F-11D3-BF4B-00C04F79EFBC}") = "R5T.D0073.Standard", "R5T.D0073.Standard\R5T.D0073.Standard.csproj", "{BC97E15D-DB1C-4A9C-BBD4-CA115BBC0729}"
EndProject
Project("{FAE04EC0-301F-11D3-BF4B-00C04F79EFBC}") = "R5T.D0073.T001", "R5T.D0073.T001\R5T.D0073.T001.csproj", "{263DDE12-9515-448B-B5B6-0D6724A41FD6}"
EndProject
Project("{FAE04EC0-301F-11D3-BF4B-00C04F79EFBC}") = "R5T.D0073.T002", "R5T.D0073.T002\R5T.D0073.T002.csproj", "{FDE794AE-5C2C-4297-8FED-7330BFCA433F}"
EndProject
Global
	GlobalSection(SolutionConfigurationPlatforms) = preSolution
		Debug|Any CPU = Debug|Any CPU
		Debug|x64 = Debug|x64
		Debug|x86 = Debug|x86
		Release|Any CPU = Release|Any CPU
		Release|x64 = Release|x64
		Release|x86 = Release|x86
	EndGlobalSection
	GlobalSection(SolutionProperties) = preSolution
		HideSolutionNode = FALSE
	EndGlobalSection
	GlobalSection(ProjectConfigurationPlatforms) = postSolution
		{A6178DAE-B965-45C2-B4D3-0A5A93BD4034}.Debug|Any CPU.ActiveCfg = Debug|Any CPU
		{A6178DAE-B965-45C2-B4D3-0A5A93BD4034}.Debug|Any CPU.Build.0 = Debug|Any CPU
		{A6178DAE-B965-45C2-B4D3-0A5A93BD4034}.Debug|x64.ActiveCfg = Debug|Any CPU
		{A6178DAE-B965-45C2-B4D3-0A5A93BD4034}.Debug|x64.Build.0 = Debug|Any CPU
		{A6178DAE-B965-45C2-B4D3-0A5A93BD4034}.Debug|x86.ActiveCfg = Debug|Any CPU
		{A6178DAE-B965-45C2-B4D3-0A5A93BD4034}.Debug|x86.Build.0 = Debug|Any CPU
		{A6178DAE-B965-45C2-B4D3-0A5A93BD4034}.Release|Any CPU.ActiveCfg = Release|Any CPU
		{A6178DAE-B965-45C2-B4D3-0A5A93BD4034}.Release|Any CPU.Build.0 = Release|Any CPU
		{A6178DAE-B965-45C2-B4D3-0A5A93BD4034}.Release|x64.ActiveCfg = Release|Any CPU
		{A6178DAE-B965-45C2-B4D3-0A5A93BD4034}.Release|x64.Build.0 = Release|Any CPU
		{A6178DAE-B965-45C2-B4D3-0A5A93BD4034}.Release|x86.ActiveCfg = Release|Any CPU
		{A6178DAE-B965-45C2-B4D3-0A5A93BD4034}.Release|x86.Build.0 = Release|Any CPU
		{FB48EC50-B2E9-4138-A6E3-8C1D1D583068}.Debug|Any CPU.ActiveCfg = Debug|Any CPU
		{FB48EC50-B2E9-4138-A6E3-8C1D1D583068}.Debug|Any CPU.Build.0 = Debug|Any CPU
		{FB48EC50-B2E9-4138-A6E3-8C1D1D583068}.Debug|x64.ActiveCfg = Debug|Any CPU
		{FB48EC50-B2E9-4138-A6E3-8C1D1D583068}.Debug|x64.Build.0 = Debug|Any CPU
		{FB48EC50-B2E9-4138-A6E3-8C1D1D583068}.Debug|x86.ActiveCfg = Debug|Any CPU
		{FB48EC50-B2E9-4138-A6E3-8C1D1D583068}.Debug|x86.Build.0 = Debug|Any CPU
		{FB48EC50-B2E9-4138-A6E3-8C1D1D583068}.Release|Any CPU.ActiveCfg = Release|Any CPU
		{FB48EC50-B2E9-4138-A6E3-8C1D1D583068}.Release|Any CPU.Build.0 = Release|Any CPU
		{FB48EC50-B2E9-4138-A6E3-8C1D1D583068}.Release|x64.ActiveCfg = Release|Any CPU
		{FB48EC50-B2E9-4138-A6E3-8C1D1D583068}.Release|x64.Build.0 = Release|Any CPU
		{FB48EC50-B2E9-4138-A6E3-8C1D1D583068}.Release|x86.ActiveCfg = Release|Any CPU
		{FB48EC50-B2E9-4138-A6E3-8C1D1D583068}.Release|x86.Build.0 = Release|Any CPU
		{FF1933D9-F5BE-42E9-954C-508EC6E1A882}.Debug|Any CPU.ActiveCfg = Debug|Any CPU
		{FF1933D9-F5BE-42E9-954C-508EC6E1A882}.Debug|Any CPU.Build.0 = Debug|Any CPU
		{FF1933D9-F5BE-42E9-954C-508EC6E1A882}.Debug|x64.ActiveCfg = Debug|Any CPU
		{FF1933D9-F5BE-42E9-954C-508EC6E1A882}.Debug|x64.Build.0 = Debug|Any CPU
		{FF1933D9-F5BE-42E9-954C-508EC6E1A882}.Debug|x86.ActiveCfg = Debug|Any CPU
		{FF1933D9-F5BE-42E9-954C-508EC6E1A882}.Debug|x86.Build.0 = Debug|Any CPU
		{FF1933D9-F5BE-42E9-954C-508EC6E1A882}.Release|Any CPU.ActiveCfg = Release|Any CPU
		{FF1933D9-F5BE-42E9-954C-508EC6E1A882}.Release|Any CPU.Build.0 = Release|Any CPU
		{FF1933D9-F5BE-42E9-954C-508EC6E1A882}.Release|x64.ActiveCfg = Release|Any CPU
		{FF1933D9-F5BE-42E9-954C-508EC6E1A882}.Release|x64.Build.0 = Release|Any CPU
		{FF1933D9-F5BE-42E9-954C-508EC6E1A882}.Release|x86.ActiveCfg = Release|Any CPU
		{FF1933D9-F5BE-42E9-954C-508EC6E1A882}.Release|x86.Build.0 = Release|Any CPU
		{BC7B7D8A-5F55-4F91-B879-DAFE8728183C}.Debug|Any CPU.ActiveCfg = Debug|Any CPU
		{BC7B7D8A-5F55-4F91-B879-DAFE8728183C}.Debug|Any CPU.Build.0 = Debug|Any CPU
		{BC7B7D8A-5F55-4F91-B879-DAFE8728183C}.Debug|x64.ActiveCfg = Debug|Any CPU
		{BC7B7D8A-5F55-4F91-B879-DAFE8728183C}.Debug|x64.Build.0 = Debug|Any CPU
		{BC7B7D8A-5F55-4F91-B879-DAFE8728183C}.Debug|x86.ActiveCfg = Debug|Any CPU
		{BC7B7D8A-5F55-4F91-B879-DAFE8728183C}.Debug|x86.Build.0 = Debug|Any CPU
		{BC7B7D8A-5F55-4F91-B879-DAFE8728183C}.Release|Any CPU.ActiveCfg = Release|Any CPU
		{BC7B7D8A-5F55-4F91-B879-DAFE8728183C}.Release|Any CPU.Build.0 = Release|Any CPU
		{BC7B7D8A-5F55-4F91-B879-DAFE8728183C}.Release|x64.ActiveCfg = Release|Any CPU
		{BC7B7D8A-5F55-4F91-B879-DAFE8728183C}.Release|x64.Build.0 = Release|Any CPU
		{BC7B7D8A-5F55-4F91-B879-DAFE8728183C}.Release|x86.ActiveCfg = Release|Any CPU
		{BC7B7D8A-5F55-4F91-B879-DAFE8728183C}.Release|x86.Build.0 = Release|Any CPU
		{BC97E15D-DB1C-4A9C-BBD4-CA115BBC0729}.Debug|Any CPU.ActiveCfg = Debug|Any CPU
		{BC97E15D-DB1C-4A9C-BBD4-CA115BBC0729}.Debug|Any CPU.Build.0 = Debug|Any CPU
		{BC97E15D-DB1C-4A9C-BBD4-CA115BBC0729}.Debug|x64.ActiveCfg = Debug|Any CPU
		{BC97E15D-DB1C-4A9C-BBD4-CA115BBC0729}.Debug|x64.Build.0 = Debug|Any CPU
		{BC97E15D-DB1C-4A9C-BBD4-CA115BBC0729}.Debug|x86.ActiveCfg = Debug|Any CPU
		{BC97E15D-DB1C-4A9C-BBD4-CA115BBC0729}.Debug|x86.Build.0 = Debug|Any CPU
		{BC97E15D-DB1C-4A9C-BBD4-CA115BBC0729}.Release|Any CPU.ActiveCfg = Release|Any CPU
		{BC97E15D-DB1C-4A9C-BBD4-CA115BBC0729}.Release|Any CPU.Build.0 = Release|Any CPU
		{BC97E15D-DB1C-4A9C-BBD4-CA115BBC0729}.Release|x64.ActiveCfg = Release|Any CPU
		{BC97E15D-DB1C-4A9C-BBD4-CA115BBC0729}.Release|x64.Build.0 = Release|Any CPU
		{BC97E15D-DB1C-4A9C-BBD4-CA115BBC0729}.Release|x86.ActiveCfg = Release|Any CPU
		{BC97E15D-DB1C-4A9C-BBD4-CA115BBC0729}.Release|x86.Build.0 = Release|Any CPU
		{263DDE12-9515-448B-B5B6-0D6724A41FD6}.Debug|Any CPU.ActiveCfg = Debug|Any CPU
		{263DDE12-9515-448B-B5B6-0D6724A41FD6}.Debug|Any CPU.Build.0 = Debug|Any CPU
		{263DDE12-9515-448B-B5B6-0D6724A41FD6}.Debug|x64.ActiveCfg = Debug|Any CPU
		{263DDE12-9515-448B-B5B6-0D6724A41FD6}.Debug|x64.Build.0 = Debug|Any CPU
		{263DDE12-9515-448B-B5B6-0D6724A41FD6}.Debug|x86.ActiveCfg = Debug|Any CPU
		{263DDE12-9515-448B-B5B6-0D6724A41FD6}.Debug|x86.Build.0 = Debug|Any CPU
		{263DDE12-9515-448B-B5B6-0D6724A41FD6}.Release|Any CPU.ActiveCfg = Release|Any CPU
		{263DDE12-9515-448B-B5B6-0D6724A41FD6}.Release|Any CPU.Build.0 = Release|Any CPU
		{263DDE12-9515-448B-B5B6-0D6724A41FD6}.Release|x64.ActiveCfg = Release|Any CPU
		{263DDE12-9515-448B-B5B6-0D6724A41FD6}.Release|x64.Build.0 = Release|Any CPU
		{263DDE12-9515-448B-B5B6-0D6724A41FD6}.Release|x86.ActiveCfg = Release|Any CPU
		{263DDE12-9515-448B-B5B6-0D6724A41FD6}.Release|x86.Build.0 = Release|Any CPU
		{FDE794AE-5C2C-4297-8FED-7330BFCA433F}.Debug|Any CPU.ActiveCfg = Debug|Any CPU
		{FDE794AE-5C2C-4297-8FED-7330BFCA433F}.Debug|Any CPU.Build.0 = Debug|Any CPU
		{FDE794AE-5C2C-4297-8FED-7330BFCA433F}.Debug|x64.ActiveCfg = Debug|Any CPU
		{FDE794AE-5C2C-4297-8FED-7330BFCA433F}.Debug|x64.Build.0 = Debug|Any CPU
		{FDE794AE-5C2C-4297-8FED-7330BFCA433F}.Debug|x86.ActiveCfg = Debug|Any CPU
		{FDE794AE-5C2C-4297-8FED-7330BFCA433F}.Debug|x86.Build.0 = Debug|Any CPU
		{FDE794AE-5C2C-4297-8FED-7330BFCA433F}.Release|Any CPU.ActiveCfg = Release|Any CPU
		{FDE794AE-5C2C-4297-8FED-7330BFCA433F}.Release|Any CPU.Build.0 = Release|Any CPU
		{FDE794AE-5C2C-4297-8FED-7330BFCA433F}.Release|x64.ActiveCfg = Release|Any CPU
		{FDE794AE-5C2C-4297-8FED-7330BFCA433F}.Release|x64.Build.0 = Release|Any CPU
		{FDE794AE-5C2C-4297-8FED-7330BFCA433F}.Release|x86.ActiveCfg = Release|Any CPU
		{FDE794AE-5C2C-4297-8FED-7330BFCA433F}.Release|x86.Build.0 = Release|Any CPU
	EndGlobalSection
EndGlobal
