
Microsoft Visual Studio Solution File, Format Version 12.00
# Visual Studio Version 16
VisualStudioVersion = 16.6.30114.105
MinimumVisualStudioVersion = 10.0.40219.1
Project("{9A19103F-16F7-4668-BE54-9A1E7A4F7556}") = "R5T.D0073.Construction", "R5T.D0073.Construction\R5T.D0073.Construction.csproj", "{389BF00A-7E91-4FB7-94EB-741B357E4745}"
EndProject
Project("{9A19103F-16F7-4668-BE54-9A1E7A4F7556}") = "R5T.D0073.Base", "R5T.D0073.Base\R5T.D0073.Base.csproj", "{E5F242A0-3A9E-40B5-ACEF-E0D4A123273B}"
EndProject
Project("{9A19103F-16F7-4668-BE54-9A1E7A4F7556}") = "R5T.D0073.I001", "R5T.D0073.I001\R5T.D0073.I001.csproj", "{D0926F69-BF84-48DB-8EDE-19D16886681C}"
EndProject
Project("{9A19103F-16F7-4668-BE54-9A1E7A4F7556}") = "R5T.D0073.T001", "R5T.D0073.T001\R5T.D0073.T001.csproj", "{016F3726-1A50-47F5-9F5E-7FE07F4A8C88}"
EndProject
Project("{2150E333-8FDC-42A3-9474-1A3956D46DE8}") = "_Dependencies", "_Dependencies", "{FD8ECFB1-B11C-4116-8304-1BE246017684}"
EndProject
Project("{9A19103F-16F7-4668-BE54-9A1E7A4F7556}") = "R5T.Dacia", "..\..\R5T.Dacia\source\R5T.Dacia\R5T.Dacia.csproj", "{563B67BC-46CA-4847-9299-2AF5C77598A0}"
EndProject
Project("{9A19103F-16F7-4668-BE54-9A1E7A4F7556}") = "R5T.Dacia.Extensions", "..\..\R5T.Dacia.Extensions\source\R5T.Dacia.Extensions\R5T.Dacia.Extensions.csproj", "{4DDD4C5D-0800-489D-8458-CC902F6F4F42}"
EndProject
Project("{9A19103F-16F7-4668-BE54-9A1E7A4F7556}") = "R5T.Chamavia", "..\..\R5T.Chamavia\source\R5T.Chamavia\R5T.Chamavia.csproj", "{EF94D334-495D-4F02-AB75-A289482FB405}"
EndProject
Project("{9A19103F-16F7-4668-BE54-9A1E7A4F7556}") = "R5T.T0022", "..\..\R5T.T0022\source\R5T.T0022\R5T.T0022.csproj", "{474C0F97-8891-4B7A-B429-708C872220B9}"
EndProject
Project("{9A19103F-16F7-4668-BE54-9A1E7A4F7556}") = "R5T.Chamavia.Extensions", "..\..\R5T.Chamavia.Extensions\source\R5T.Chamavia.Extensions\R5T.Chamavia.Extensions.csproj", "{28E75A4D-76DC-4837-B562-AE7F82C923C8}"
EndProject
Project("{9A19103F-16F7-4668-BE54-9A1E7A4F7556}") = "R5T.Magyar", "..\..\R5T.Magyar\source\R5T.Magyar\R5T.Magyar.csproj", "{DC48AA1A-D169-46E3-B79E-C8D89257C9E0}"
EndProject
Project("{9A19103F-16F7-4668-BE54-9A1E7A4F7556}") = "R5T.D0073.Default", "R5T.D0073.Default\R5T.D0073.Default.csproj", "{140CDA79-A199-4203-AEA4-C1217C0E25F8}"
EndProject
Project("{9A19103F-16F7-4668-BE54-9A1E7A4F7556}") = "R5T.D0073.T002", "R5T.D0073.T002\R5T.D0073.T002.csproj", "{3DD6B0A6-5D89-4EB0-B2E8-94BFFA305E92}"
EndProject
Project("{9A19103F-16F7-4668-BE54-9A1E7A4F7556}") = "R5T.D0073.Standard", "R5T.D0073.Standard\R5T.D0073.Standard.csproj", "{40AA4CDC-FFFF-40D2-AB4F-B7AA15731B33}"
EndProject
Project("{9A19103F-16F7-4668-BE54-9A1E7A4F7556}") = "R5T.T0064", "..\..\R5T.T0064\source\R5T.T0064\R5T.T0064.csproj", "{E60CA345-B6E1-4BB1-BA9E-B6631407CEB8}"
EndProject
Global
	GlobalSection(SolutionConfigurationPlatforms) = preSolution
		Debug|Any CPU = Debug|Any CPU
		Debug|x64 = Debug|x64
		Debug|x86 = Debug|x86
		Release|Any CPU = Release|Any CPU
		Release|x64 = Release|x64
		Release|x86 = Release|x86
	EndGlobalSection
	GlobalSection(ProjectConfigurationPlatforms) = postSolution
		{389BF00A-7E91-4FB7-94EB-741B357E4745}.Debug|Any CPU.ActiveCfg = Debug|Any CPU
		{389BF00A-7E91-4FB7-94EB-741B357E4745}.Debug|Any CPU.Build.0 = Debug|Any CPU
		{389BF00A-7E91-4FB7-94EB-741B357E4745}.Debug|x64.ActiveCfg = Debug|Any CPU
		{389BF00A-7E91-4FB7-94EB-741B357E4745}.Debug|x64.Build.0 = Debug|Any CPU
		{389BF00A-7E91-4FB7-94EB-741B357E4745}.Debug|x86.ActiveCfg = Debug|Any CPU
		{389BF00A-7E91-4FB7-94EB-741B357E4745}.Debug|x86.Build.0 = Debug|Any CPU
		{389BF00A-7E91-4FB7-94EB-741B357E4745}.Release|Any CPU.ActiveCfg = Release|Any CPU
		{389BF00A-7E91-4FB7-94EB-741B357E4745}.Release|Any CPU.Build.0 = Release|Any CPU
		{389BF00A-7E91-4FB7-94EB-741B357E4745}.Release|x64.ActiveCfg = Release|Any CPU
		{389BF00A-7E91-4FB7-94EB-741B357E4745}.Release|x64.Build.0 = Release|Any CPU
		{389BF00A-7E91-4FB7-94EB-741B357E4745}.Release|x86.ActiveCfg = Release|Any CPU
		{389BF00A-7E91-4FB7-94EB-741B357E4745}.Release|x86.Build.0 = Release|Any CPU
		{E5F242A0-3A9E-40B5-ACEF-E0D4A123273B}.Debug|Any CPU.ActiveCfg = Debug|Any CPU
		{E5F242A0-3A9E-40B5-ACEF-E0D4A123273B}.Debug|Any CPU.Build.0 = Debug|Any CPU
		{E5F242A0-3A9E-40B5-ACEF-E0D4A123273B}.Debug|x64.ActiveCfg = Debug|Any CPU
		{E5F242A0-3A9E-40B5-ACEF-E0D4A123273B}.Debug|x64.Build.0 = Debug|Any CPU
		{E5F242A0-3A9E-40B5-ACEF-E0D4A123273B}.Debug|x86.ActiveCfg = Debug|Any CPU
		{E5F242A0-3A9E-40B5-ACEF-E0D4A123273B}.Debug|x86.Build.0 = Debug|Any CPU
		{E5F242A0-3A9E-40B5-ACEF-E0D4A123273B}.Release|Any CPU.ActiveCfg = Release|Any CPU
		{E5F242A0-3A9E-40B5-ACEF-E0D4A123273B}.Release|Any CPU.Build.0 = Release|Any CPU
		{E5F242A0-3A9E-40B5-ACEF-E0D4A123273B}.Release|x64.ActiveCfg = Release|Any CPU
		{E5F242A0-3A9E-40B5-ACEF-E0D4A123273B}.Release|x64.Build.0 = Release|Any CPU
		{E5F242A0-3A9E-40B5-ACEF-E0D4A123273B}.Release|x86.ActiveCfg = Release|Any CPU
		{E5F242A0-3A9E-40B5-ACEF-E0D4A123273B}.Release|x86.Build.0 = Release|Any CPU
		{D0926F69-BF84-48DB-8EDE-19D16886681C}.Debug|Any CPU.ActiveCfg = Debug|Any CPU
		{D0926F69-BF84-48DB-8EDE-19D16886681C}.Debug|Any CPU.Build.0 = Debug|Any CPU
		{D0926F69-BF84-48DB-8EDE-19D16886681C}.Debug|x64.ActiveCfg = Debug|Any CPU
		{D0926F69-BF84-48DB-8EDE-19D16886681C}.Debug|x64.Build.0 = Debug|Any CPU
		{D0926F69-BF84-48DB-8EDE-19D16886681C}.Debug|x86.ActiveCfg = Debug|Any CPU
		{D0926F69-BF84-48DB-8EDE-19D16886681C}.Debug|x86.Build.0 = Debug|Any CPU
		{D0926F69-BF84-48DB-8EDE-19D16886681C}.Release|Any CPU.ActiveCfg = Release|Any CPU
		{D0926F69-BF84-48DB-8EDE-19D16886681C}.Release|Any CPU.Build.0 = Release|Any CPU
		{D0926F69-BF84-48DB-8EDE-19D16886681C}.Release|x64.ActiveCfg = Release|Any CPU
		{D0926F69-BF84-48DB-8EDE-19D16886681C}.Release|x64.Build.0 = Release|Any CPU
		{D0926F69-BF84-48DB-8EDE-19D16886681C}.Release|x86.ActiveCfg = Release|Any CPU
		{D0926F69-BF84-48DB-8EDE-19D16886681C}.Release|x86.Build.0 = Release|Any CPU
		{016F3726-1A50-47F5-9F5E-7FE07F4A8C88}.Debug|Any CPU.ActiveCfg = Debug|Any CPU
		{016F3726-1A50-47F5-9F5E-7FE07F4A8C88}.Debug|Any CPU.Build.0 = Debug|Any CPU
		{016F3726-1A50-47F5-9F5E-7FE07F4A8C88}.Debug|x64.ActiveCfg = Debug|Any CPU
		{016F3726-1A50-47F5-9F5E-7FE07F4A8C88}.Debug|x64.Build.0 = Debug|Any CPU
		{016F3726-1A50-47F5-9F5E-7FE07F4A8C88}.Debug|x86.ActiveCfg = Debug|Any CPU
		{016F3726-1A50-47F5-9F5E-7FE07F4A8C88}.Debug|x86.Build.0 = Debug|Any CPU
		{016F3726-1A50-47F5-9F5E-7FE07F4A8C88}.Release|Any CPU.ActiveCfg = Release|Any CPU
		{016F3726-1A50-47F5-9F5E-7FE07F4A8C88}.Release|Any CPU.Build.0 = Release|Any CPU
		{016F3726-1A50-47F5-9F5E-7FE07F4A8C88}.Release|x64.ActiveCfg = Release|Any CPU
		{016F3726-1A50-47F5-9F5E-7FE07F4A8C88}.Release|x64.Build.0 = Release|Any CPU
		{016F3726-1A50-47F5-9F5E-7FE07F4A8C88}.Release|x86.ActiveCfg = Release|Any CPU
		{016F3726-1A50-47F5-9F5E-7FE07F4A8C88}.Release|x86.Build.0 = Release|Any CPU
		{563B67BC-46CA-4847-9299-2AF5C77598A0}.Debug|Any CPU.ActiveCfg = Debug|Any CPU
		{563B67BC-46CA-4847-9299-2AF5C77598A0}.Debug|Any CPU.Build.0 = Debug|Any CPU
		{563B67BC-46CA-4847-9299-2AF5C77598A0}.Debug|x64.ActiveCfg = Debug|Any CPU
		{563B67BC-46CA-4847-9299-2AF5C77598A0}.Debug|x64.Build.0 = Debug|Any CPU
		{563B67BC-46CA-4847-9299-2AF5C77598A0}.Debug|x86.ActiveCfg = Debug|Any CPU
		{563B67BC-46CA-4847-9299-2AF5C77598A0}.Debug|x86.Build.0 = Debug|Any CPU
		{563B67BC-46CA-4847-9299-2AF5C77598A0}.Release|Any CPU.ActiveCfg = Release|Any CPU
		{563B67BC-46CA-4847-9299-2AF5C77598A0}.Release|Any CPU.Build.0 = Release|Any CPU
		{563B67BC-46CA-4847-9299-2AF5C77598A0}.Release|x64.ActiveCfg = Release|Any CPU
		{563B67BC-46CA-4847-9299-2AF5C77598A0}.Release|x64.Build.0 = Release|Any CPU
		{563B67BC-46CA-4847-9299-2AF5C77598A0}.Release|x86.ActiveCfg = Release|Any CPU
		{563B67BC-46CA-4847-9299-2AF5C77598A0}.Release|x86.Build.0 = Release|Any CPU
		{4DDD4C5D-0800-489D-8458-CC902F6F4F42}.Debug|Any CPU.ActiveCfg = Debug|Any CPU
		{4DDD4C5D-0800-489D-8458-CC902F6F4F42}.Debug|Any CPU.Build.0 = Debug|Any CPU
		{4DDD4C5D-0800-489D-8458-CC902F6F4F42}.Debug|x64.ActiveCfg = Debug|Any CPU
		{4DDD4C5D-0800-489D-8458-CC902F6F4F42}.Debug|x64.Build.0 = Debug|Any CPU
		{4DDD4C5D-0800-489D-8458-CC902F6F4F42}.Debug|x86.ActiveCfg = Debug|Any CPU
		{4DDD4C5D-0800-489D-8458-CC902F6F4F42}.Debug|x86.Build.0 = Debug|Any CPU
		{4DDD4C5D-0800-489D-8458-CC902F6F4F42}.Release|Any CPU.ActiveCfg = Release|Any CPU
		{4DDD4C5D-0800-489D-8458-CC902F6F4F42}.Release|Any CPU.Build.0 = Release|Any CPU
		{4DDD4C5D-0800-489D-8458-CC902F6F4F42}.Release|x64.ActiveCfg = Release|Any CPU
		{4DDD4C5D-0800-489D-8458-CC902F6F4F42}.Release|x64.Build.0 = Release|Any CPU
		{4DDD4C5D-0800-489D-8458-CC902F6F4F42}.Release|x86.ActiveCfg = Release|Any CPU
		{4DDD4C5D-0800-489D-8458-CC902F6F4F42}.Release|x86.Build.0 = Release|Any CPU
		{EF94D334-495D-4F02-AB75-A289482FB405}.Debug|Any CPU.ActiveCfg = Debug|Any CPU
		{EF94D334-495D-4F02-AB75-A289482FB405}.Debug|Any CPU.Build.0 = Debug|Any CPU
		{EF94D334-495D-4F02-AB75-A289482FB405}.Debug|x64.ActiveCfg = Debug|Any CPU
		{EF94D334-495D-4F02-AB75-A289482FB405}.Debug|x64.Build.0 = Debug|Any CPU
		{EF94D334-495D-4F02-AB75-A289482FB405}.Debug|x86.ActiveCfg = Debug|Any CPU
		{EF94D334-495D-4F02-AB75-A289482FB405}.Debug|x86.Build.0 = Debug|Any CPU
		{EF94D334-495D-4F02-AB75-A289482FB405}.Release|Any CPU.ActiveCfg = Release|Any CPU
		{EF94D334-495D-4F02-AB75-A289482FB405}.Release|Any CPU.Build.0 = Release|Any CPU
		{EF94D334-495D-4F02-AB75-A289482FB405}.Release|x64.ActiveCfg = Release|Any CPU
		{EF94D334-495D-4F02-AB75-A289482FB405}.Release|x64.Build.0 = Release|Any CPU
		{EF94D334-495D-4F02-AB75-A289482FB405}.Release|x86.ActiveCfg = Release|Any CPU
		{EF94D334-495D-4F02-AB75-A289482FB405}.Release|x86.Build.0 = Release|Any CPU
		{474C0F97-8891-4B7A-B429-708C872220B9}.Debug|Any CPU.ActiveCfg = Debug|Any CPU
		{474C0F97-8891-4B7A-B429-708C872220B9}.Debug|Any CPU.Build.0 = Debug|Any CPU
		{474C0F97-8891-4B7A-B429-708C872220B9}.Debug|x64.ActiveCfg = Debug|Any CPU
		{474C0F97-8891-4B7A-B429-708C872220B9}.Debug|x64.Build.0 = Debug|Any CPU
		{474C0F97-8891-4B7A-B429-708C872220B9}.Debug|x86.ActiveCfg = Debug|Any CPU
		{474C0F97-8891-4B7A-B429-708C872220B9}.Debug|x86.Build.0 = Debug|Any CPU
		{474C0F97-8891-4B7A-B429-708C872220B9}.Release|Any CPU.ActiveCfg = Release|Any CPU
		{474C0F97-8891-4B7A-B429-708C872220B9}.Release|Any CPU.Build.0 = Release|Any CPU
		{474C0F97-8891-4B7A-B429-708C872220B9}.Release|x64.ActiveCfg = Release|Any CPU
		{474C0F97-8891-4B7A-B429-708C872220B9}.Release|x64.Build.0 = Release|Any CPU
		{474C0F97-8891-4B7A-B429-708C872220B9}.Release|x86.ActiveCfg = Release|Any CPU
		{474C0F97-8891-4B7A-B429-708C872220B9}.Release|x86.Build.0 = Release|Any CPU
		{28E75A4D-76DC-4837-B562-AE7F82C923C8}.Debug|Any CPU.ActiveCfg = Debug|Any CPU
		{28E75A4D-76DC-4837-B562-AE7F82C923C8}.Debug|Any CPU.Build.0 = Debug|Any CPU
		{28E75A4D-76DC-4837-B562-AE7F82C923C8}.Debug|x64.ActiveCfg = Debug|Any CPU
		{28E75A4D-76DC-4837-B562-AE7F82C923C8}.Debug|x64.Build.0 = Debug|Any CPU
		{28E75A4D-76DC-4837-B562-AE7F82C923C8}.Debug|x86.ActiveCfg = Debug|Any CPU
		{28E75A4D-76DC-4837-B562-AE7F82C923C8}.Debug|x86.Build.0 = Debug|Any CPU
		{28E75A4D-76DC-4837-B562-AE7F82C923C8}.Release|Any CPU.ActiveCfg = Release|Any CPU
		{28E75A4D-76DC-4837-B562-AE7F82C923C8}.Release|Any CPU.Build.0 = Release|Any CPU
		{28E75A4D-76DC-4837-B562-AE7F82C923C8}.Release|x64.ActiveCfg = Release|Any CPU
		{28E75A4D-76DC-4837-B562-AE7F82C923C8}.Release|x64.Build.0 = Release|Any CPU
		{28E75A4D-76DC-4837-B562-AE7F82C923C8}.Release|x86.ActiveCfg = Release|Any CPU
		{28E75A4D-76DC-4837-B562-AE7F82C923C8}.Release|x86.Build.0 = Release|Any CPU
		{DC48AA1A-D169-46E3-B79E-C8D89257C9E0}.Debug|Any CPU.ActiveCfg = Debug|Any CPU
		{DC48AA1A-D169-46E3-B79E-C8D89257C9E0}.Debug|Any CPU.Build.0 = Debug|Any CPU
		{DC48AA1A-D169-46E3-B79E-C8D89257C9E0}.Debug|x64.ActiveCfg = Debug|Any CPU
		{DC48AA1A-D169-46E3-B79E-C8D89257C9E0}.Debug|x64.Build.0 = Debug|Any CPU
		{DC48AA1A-D169-46E3-B79E-C8D89257C9E0}.Debug|x86.ActiveCfg = Debug|Any CPU
		{DC48AA1A-D169-46E3-B79E-C8D89257C9E0}.Debug|x86.Build.0 = Debug|Any CPU
		{DC48AA1A-D169-46E3-B79E-C8D89257C9E0}.Release|Any CPU.ActiveCfg = Release|Any CPU
		{DC48AA1A-D169-46E3-B79E-C8D89257C9E0}.Release|Any CPU.Build.0 = Release|Any CPU
		{DC48AA1A-D169-46E3-B79E-C8D89257C9E0}.Release|x64.ActiveCfg = Release|Any CPU
		{DC48AA1A-D169-46E3-B79E-C8D89257C9E0}.Release|x64.Build.0 = Release|Any CPU
		{DC48AA1A-D169-46E3-B79E-C8D89257C9E0}.Release|x86.ActiveCfg = Release|Any CPU
		{DC48AA1A-D169-46E3-B79E-C8D89257C9E0}.Release|x86.Build.0 = Release|Any CPU
		{140CDA79-A199-4203-AEA4-C1217C0E25F8}.Debug|Any CPU.ActiveCfg = Debug|Any CPU
		{140CDA79-A199-4203-AEA4-C1217C0E25F8}.Debug|Any CPU.Build.0 = Debug|Any CPU
		{140CDA79-A199-4203-AEA4-C1217C0E25F8}.Debug|x64.ActiveCfg = Debug|Any CPU
		{140CDA79-A199-4203-AEA4-C1217C0E25F8}.Debug|x64.Build.0 = Debug|Any CPU
		{140CDA79-A199-4203-AEA4-C1217C0E25F8}.Debug|x86.ActiveCfg = Debug|Any CPU
		{140CDA79-A199-4203-AEA4-C1217C0E25F8}.Debug|x86.Build.0 = Debug|Any CPU
		{140CDA79-A199-4203-AEA4-C1217C0E25F8}.Release|Any CPU.ActiveCfg = Release|Any CPU
		{140CDA79-A199-4203-AEA4-C1217C0E25F8}.Release|Any CPU.Build.0 = Release|Any CPU
		{140CDA79-A199-4203-AEA4-C1217C0E25F8}.Release|x64.ActiveCfg = Release|Any CPU
		{140CDA79-A199-4203-AEA4-C1217C0E25F8}.Release|x64.Build.0 = Release|Any CPU
		{140CDA79-A199-4203-AEA4-C1217C0E25F8}.Release|x86.ActiveCfg = Release|Any CPU
		{140CDA79-A199-4203-AEA4-C1217C0E25F8}.Release|x86.Build.0 = Release|Any CPU
		{3DD6B0A6-5D89-4EB0-B2E8-94BFFA305E92}.Debug|Any CPU.ActiveCfg = Debug|Any CPU
		{3DD6B0A6-5D89-4EB0-B2E8-94BFFA305E92}.Debug|Any CPU.Build.0 = Debug|Any CPU
		{3DD6B0A6-5D89-4EB0-B2E8-94BFFA305E92}.Debug|x64.ActiveCfg = Debug|Any CPU
		{3DD6B0A6-5D89-4EB0-B2E8-94BFFA305E92}.Debug|x64.Build.0 = Debug|Any CPU
		{3DD6B0A6-5D89-4EB0-B2E8-94BFFA305E92}.Debug|x86.ActiveCfg = Debug|Any CPU
		{3DD6B0A6-5D89-4EB0-B2E8-94BFFA305E92}.Debug|x86.Build.0 = Debug|Any CPU
		{3DD6B0A6-5D89-4EB0-B2E8-94BFFA305E92}.Release|Any CPU.ActiveCfg = Release|Any CPU
		{3DD6B0A6-5D89-4EB0-B2E8-94BFFA305E92}.Release|Any CPU.Build.0 = Release|Any CPU
		{3DD6B0A6-5D89-4EB0-B2E8-94BFFA305E92}.Release|x64.ActiveCfg = Release|Any CPU
		{3DD6B0A6-5D89-4EB0-B2E8-94BFFA305E92}.Release|x64.Build.0 = Release|Any CPU
		{3DD6B0A6-5D89-4EB0-B2E8-94BFFA305E92}.Release|x86.ActiveCfg = Release|Any CPU
		{3DD6B0A6-5D89-4EB0-B2E8-94BFFA305E92}.Release|x86.Build.0 = Release|Any CPU
		{40AA4CDC-FFFF-40D2-AB4F-B7AA15731B33}.Debug|Any CPU.ActiveCfg = Debug|Any CPU
		{40AA4CDC-FFFF-40D2-AB4F-B7AA15731B33}.Debug|Any CPU.Build.0 = Debug|Any CPU
		{40AA4CDC-FFFF-40D2-AB4F-B7AA15731B33}.Debug|x64.ActiveCfg = Debug|Any CPU
		{40AA4CDC-FFFF-40D2-AB4F-B7AA15731B33}.Debug|x64.Build.0 = Debug|Any CPU
		{40AA4CDC-FFFF-40D2-AB4F-B7AA15731B33}.Debug|x86.ActiveCfg = Debug|Any CPU
		{40AA4CDC-FFFF-40D2-AB4F-B7AA15731B33}.Debug|x86.Build.0 = Debug|Any CPU
		{40AA4CDC-FFFF-40D2-AB4F-B7AA15731B33}.Release|Any CPU.ActiveCfg = Release|Any CPU
		{40AA4CDC-FFFF-40D2-AB4F-B7AA15731B33}.Release|Any CPU.Build.0 = Release|Any CPU
		{40AA4CDC-FFFF-40D2-AB4F-B7AA15731B33}.Release|x64.ActiveCfg = Release|Any CPU
		{40AA4CDC-FFFF-40D2-AB4F-B7AA15731B33}.Release|x64.Build.0 = Release|Any CPU
		{40AA4CDC-FFFF-40D2-AB4F-B7AA15731B33}.Release|x86.ActiveCfg = Release|Any CPU
		{40AA4CDC-FFFF-40D2-AB4F-B7AA15731B33}.Release|x86.Build.0 = Release|Any CPU
		{E60CA345-B6E1-4BB1-BA9E-B6631407CEB8}.Debug|Any CPU.ActiveCfg = Debug|Any CPU
		{E60CA345-B6E1-4BB1-BA9E-B6631407CEB8}.Debug|Any CPU.Build.0 = Debug|Any CPU
		{E60CA345-B6E1-4BB1-BA9E-B6631407CEB8}.Debug|x64.ActiveCfg = Debug|Any CPU
		{E60CA345-B6E1-4BB1-BA9E-B6631407CEB8}.Debug|x64.Build.0 = Debug|Any CPU
		{E60CA345-B6E1-4BB1-BA9E-B6631407CEB8}.Debug|x86.ActiveCfg = Debug|Any CPU
		{E60CA345-B6E1-4BB1-BA9E-B6631407CEB8}.Debug|x86.Build.0 = Debug|Any CPU
		{E60CA345-B6E1-4BB1-BA9E-B6631407CEB8}.Release|Any CPU.ActiveCfg = Release|Any CPU
		{E60CA345-B6E1-4BB1-BA9E-B6631407CEB8}.Release|Any CPU.Build.0 = Release|Any CPU
		{E60CA345-B6E1-4BB1-BA9E-B6631407CEB8}.Release|x64.ActiveCfg = Release|Any CPU
		{E60CA345-B6E1-4BB1-BA9E-B6631407CEB8}.Release|x64.Build.0 = Release|Any CPU
		{E60CA345-B6E1-4BB1-BA9E-B6631407CEB8}.Release|x86.ActiveCfg = Release|Any CPU
		{E60CA345-B6E1-4BB1-BA9E-B6631407CEB8}.Release|x86.Build.0 = Release|Any CPU
	EndGlobalSection
	GlobalSection(SolutionProperties) = preSolution
		HideSolutionNode = FALSE
	EndGlobalSection
	GlobalSection(NestedProjects) = preSolution
		{563B67BC-46CA-4847-9299-2AF5C77598A0} = {FD8ECFB1-B11C-4116-8304-1BE246017684}
		{4DDD4C5D-0800-489D-8458-CC902F6F4F42} = {FD8ECFB1-B11C-4116-8304-1BE246017684}
		{EF94D334-495D-4F02-AB75-A289482FB405} = {FD8ECFB1-B11C-4116-8304-1BE246017684}
		{474C0F97-8891-4B7A-B429-708C872220B9} = {FD8ECFB1-B11C-4116-8304-1BE246017684}
		{28E75A4D-76DC-4837-B562-AE7F82C923C8} = {FD8ECFB1-B11C-4116-8304-1BE246017684}
		{DC48AA1A-D169-46E3-B79E-C8D89257C9E0} = {FD8ECFB1-B11C-4116-8304-1BE246017684}
		{E60CA345-B6E1-4BB1-BA9E-B6631407CEB8} = {FD8ECFB1-B11C-4116-8304-1BE246017684}
	EndGlobalSection
	GlobalSection(ExtensibilityGlobals) = postSolution
		SolutionGuid = {56F159CD-B839-44A7-BA28-DEBC1B36FEA8}
	EndGlobalSection
EndGlobal
